# This file is autogenerated, do not edit; changes may be undone by the next 'dep ensure'.


[[projects]]
  name = "github.com/ChimeraCoder/anaconda"
  packages = ["."]
  revision = "9c68684170b980d5b4c2ed08fae9b530e659904d"
  version = "v2.0.0"

[[projects]]
  branch = "master"
  name = "github.com/ChimeraCoder/tokenbucket"
  packages = ["."]
  revision = "c5a927568de7aad8a58127d80bcd36ca4e71e454"

[[projects]]
  branch = "master"
  name = "github.com/azr/backoff"
  packages = ["."]
  revision = "53511d3c733003985b0b76f733df1f4d0095ee6a"

[[projects]]
  branch = "master"
  name = "github.com/dustin/go-jsonpointer"
  packages = ["."]
  revision = "ba0abeacc3dcca5b9b20f31509c46794edbc9965"

[[projects]]
  branch = "master"
  name = "github.com/dustin/gojson"
  packages = ["."]
  revision = "2e71ec9dd5adce3b168cd0dbde03b5cc04951c30"

[[projects]]
  branch = "master"
  name = "github.com/fnproject/fdk-go"
  packages = [
    ".",
    "utils"
  ]
  revision = "1c783fe496250a3e27445273fb43cace6fd4ee2b"

[[projects]]
  branch = "master"
  name = "github.com/garyburd/go-oauth"
  packages = ["oauth"]
  revision = "bca2e7f09a178fd36b034107a00e2323bca6a82e"

[[projects]]
  branch = "master"
  name = "golang.org/x/net"
  packages = ["context"]
  revision = "f5e5bdd778241bfefa8627f7124c39cd6ad8d74f"

[solve-meta]
  analyzer-name = "dep"
  analyzer-version = 1
  inputs-digest = "7b770cee2fdd5b5fd83b3264a322fd6645a1c2748c787fadfde69de25ef5509d"
  solver-name = "gps-cdcl"
  solver-version = 1
