# This file is autogenerated, do not edit; changes may be undone by the next 'dep ensure'.


[[projects]]
  name = "github.com/openalpr/openalpr"
  packages = ["src/bindings/go/openalpr"]
  revision = "b5fb92c21c29f5dd73c822fcd30d599c744cd093"
  version = "v2.3.0"

[solve-meta]
  analyzer-name = "dep"
  analyzer-version = 1
  inputs-digest = "f5968144038dd048444cb938068f2960efa0324ed53b46c76d8f5967478a233e"
  solver-name = "gps-cdcl"
  solver-version = 1
